<?xml version="1.0" encoding="utf-8"?>
<Project ToolsVersion="4.0" xmlns="http://schemas.microsoft.com/developer/msbuild/2003">
  <ItemGroup>
    <ClCompile Include="ai\ai_controller.c" />
    <ClCompile Include="vi\vi_controller.c" />
    <ClCompile Include="api\callbacks.c" />
    <ClCompile Include="api\common.c" />
    <ClCompile Include="api\config.c" />
    <ClCompile Include="api\debugger.c" />
    <ClCompile Include="api\frontend.c" />
    <ClCompile Include="api\vidext.c" />
    <ClCompile Include="debugger\dbg_breakpoints.c" />
    <ClCompile Include="debugger\dbg_debugger.c" />
    <ClCompile Include="debugger\dbg_decoder.c" />
    <ClCompile Include="debugger\dbg_memory.c" />
    <ClCompile Include="main\zip\ioapi.c" />
    <ClCompile Include="main\zip\unzip.c" />
    <ClCompile Include="main\zip\zip.c" />
    <ClCompile Include="main\cheat.c" />
    <ClCompile Include="main\eep_file.c" />
    <ClCompile Include="main\eventloop.c" />
    <ClCompile Include="main\fla_file.c" />
    <ClCompile Include="main\lirc.c" />
    <ClCompile Include="main\main.c" />
    <ClCompile Include="main\md5.c" />
    <ClCompile Include="main\mpk_file.c" />
    <ClCompile Include="main\profile.c" />
    <ClCompile Include="main\rom.c" />
    <ClCompile Include="main\savestates.c" />
    <ClCompile Include="main\sdl_key_converter.c" />
    <ClCompile Include="main\sra_file.c" />
    <ClCompile Include="main\util.c" />
    <ClCompile Include="main\workqueue.c" />
    <ClCompile Include="memory\memory.c" />
    <ClCompile Include="osal\dynamiclib_unix.c" />
    <ClCompile Include="osal\files_unix.c" />
    <ClCompile Include="osd\OGLFT.cpp" />
    <ClCompile Include="osd\osd.cpp" />
    <ClCompile Include="osd\screenshot.cpp" />
    <ClCompile Include="pi\cart_rom.c" />
    <ClCompile Include="pi\flashram.c" />
    <ClCompile Include="pi\pi_controller.c" />
    <ClCompile Include="pi\sram.c" />
    <ClCompile Include="plugin\dummy_audio.c" />
    <ClCompile Include="plugin\dummy_input.c" />
    <ClCompile Include="plugin\dummy_rsp.c" />
    <ClCompile Include="plugin\dummy_video.c" />
    <ClCompile Include="plugin\emulate_game_controller_via_input_plugin.c" />
    <ClCompile Include="plugin\emulate_speaker_via_audio_plugin.c" />
    <ClCompile Include="plugin\get_time_using_C_localtime.c" />
    <ClCompile Include="plugin\plugin.c" />
    <ClCompile Include="plugin\rumble_via_input_plugin.c" />
    <ClCompile Include="r4300\new_dynarec\arm\arm_cpu_features.c" />
    <ClCompile Include="r4300\new_dynarec\arm\assem_arm.c" />
    <ClCompile Include="r4300\new_dynarec\x86\assem_x86.c" />
    <ClCompile Include="r4300\new_dynarec\new_dynarec.c" />
    <ClCompile Include="r4300\x86\assemble.c" />
    <ClCompile Include="r4300\x86\gbc.c" />
    <ClCompile Include="r4300\x86\gcop0.c" />
    <ClCompile Include="r4300\x86\gcop1.c" />
    <ClCompile Include="r4300\x86\gcop1_d.c" />
    <ClCompile Include="r4300\x86\gcop1_l.c" />
    <ClCompile Include="r4300\x86\gcop1_s.c" />
    <ClCompile Include="r4300\x86\gcop1_w.c" />
    <ClCompile Include="r4300\x86\gr4300.c" />
    <ClCompile Include="r4300\x86\gregimm.c" />
    <ClCompile Include="r4300\x86\gspecial.c" />
    <ClCompile Include="r4300\x86\gtlb.c" />
    <ClCompile Include="r4300\x86\regcache.c" />
    <ClCompile Include="r4300\x86\rjump.c" />
    <ClCompile Include="r4300\x86_64\assemble.c" />
    <ClCompile Include="r4300\x86_64\gbc.c" />
    <ClCompile Include="r4300\x86_64\gcop0.c" />
    <ClCompile Include="r4300\x86_64\gcop1.c" />
    <ClCompile Include="r4300\x86_64\gcop1_d.c" />
    <ClCompile Include="r4300\x86_64\gcop1_l.c" />
    <ClCompile Include="r4300\x86_64\gcop1_s.c" />
    <ClCompile Include="r4300\x86_64\gcop1_w.c" />
    <ClCompile Include="r4300\x86_64\gr4300.c" />
    <ClCompile Include="r4300\x86_64\gregimm.c" />
    <ClCompile Include="r4300\x86_64\gspecial.c" />
    <ClCompile Include="r4300\x86_64\gtlb.c" />
    <ClCompile Include="r4300\x86_64\regcache.c" />
    <ClCompile Include="r4300\x86_64\rjump.c" />
    <ClCompile Include="r4300\cached_interp.c" />
    <ClCompile Include="r4300\cp0.c" />
    <ClCompile Include="r4300\cp1.c" />
    <ClCompile Include="r4300\empty_dynarec.c" />
    <ClCompile Include="r4300\exception.c" />
    <ClCompile Include="r4300\instr_counters.c" />
    <ClCompile Include="r4300\interupt.c" />
    <ClCompile Include="r4300\mi_controller.c" />
    <ClCompile Include="r4300\pure_interp.c" />
    <ClCompile Include="r4300\r4300.c" />
    <ClCompile Include="r4300\r4300_core.c" />
    <ClCompile Include="r4300\recomp.c" />
    <ClCompile Include="r4300\reset.c" />
    <ClCompile Include="r4300\tlb.c" />
    <ClCompile Include="rdp\fb.c" />
    <ClCompile Include="rdp\rdp_core.c" />
    <ClCompile Include="ri\rdram.c" />
    <ClCompile Include="ri\rdram_detection_hack.c" />
    <ClCompile Include="ri\ri_controller.c" />
    <ClCompile Include="rsp\rsp_core.c" />
    <ClCompile Include="si\af_rtc.c" />
    <ClCompile Include="si\cic.c" />
    <ClCompile Include="si\eeprom.c" />
    <ClCompile Include="si\game_controller.c" />
    <ClCompile Include="si\mempak.c" />
    <ClCompile Include="si\n64_cic_nus_6105.c" />
    <ClCompile Include="si\pif.c" />
    <ClCompile Include="si\rumblepak.c" />
    <ClCompile Include="si\si_controller.c" />
  </ItemGroup>
  <ItemGroup>
    <ClInclude Include="ai\ai_controller.h" />
    <ClInclude Include="vi\vi_controller.h" />
    <ClInclude Include="api\callbacks.h" />
    <ClInclude Include="api\config.h" />
    <ClInclude Include="api\debugger.h" />
    <ClInclude Include="api\m64p_common.h" />
    <ClInclude Include="api\m64p_config.h" />
    <ClInclude Include="api\m64p_debugger.h" />
    <ClInclude Include="api\m64p_frontend.h" />
    <ClInclude Include="api\m64p_plugin.h" />
    <ClInclude Include="api\m64p_types.h" />
    <ClInclude Include="api\m64p_vidext.h" />
    <ClInclude Include="api\vidext.h" />
    <ClInclude Include="api\vidext_sdl2_compat.h" />
    <ClInclude Include="debugger\dbg_breakpoints.h" />
    <ClInclude Include="debugger\dbg_debugger.h" />
    <ClInclude Include="debugger\dbg_decoder.h" />
    <ClInclude Include="debugger\dbg_decoder_local.h" />
    <ClInclude Include="debugger\dbg_memory.h" />
    <ClInclude Include="debugger\dbg_types.h" />
    <ClInclude Include="main\zip\crypt.h" />
    <ClInclude Include="main\zip\ioapi.h" />
    <ClInclude Include="main\zip\unzip.h" />
    <ClInclude Include="main\zip\zip.h" />
    <ClInclude Include="main\cheat.h" />
    <ClInclude Include="main\eep_file.h" />
    <ClInclude Include="main\eventloop.h" />
    <ClInclude Include="main\fla_file.h" />
    <ClInclude Include="main\lirc.h" />
    <ClInclude Include="main\list.h" />
    <ClInclude Include="main\main.h" />
    <ClInclude Include="main\md5.h" />
    <ClInclude Include="main\mpk_file.h" />
    <ClInclude Include="main\profile.h" />
    <ClInclude Include="main\rom.h" />
    <ClInclude Include="main\savestates.h" />
    <ClInclude Include="main\sdl_key_converter.h" />
    <ClInclude Include="main\sra_file.h" />
    <ClInclude Include="main\util.h" />
    <ClInclude Include="main\version.h" />
    <ClInclude Include="main\workqueue.h" />
    <ClInclude Include="memory\memory.h" />
    <ClInclude Include="osal\dynamiclib.h" />
    <ClInclude Include="osal\files.h" />
    <ClInclude Include="osal\preproc.h" />
    <ClInclude Include="osd\OGLFT.h" />
    <ClInclude Include="osd\osd.h" />
    <ClInclude Include="osd\screenshot.h" />
    <ClInclude Include="pi\cart_rom.h" />
    <ClInclude Include="pi\flashram.h" />
    <ClInclude Include="pi\pi_controller.h" />
    <ClInclude Include="pi\sram.h" />
    <ClInclude Include="plugin\dummy_audio.h" />
    <ClInclude Include="plugin\dummy_input.h" />
    <ClInclude Include="plugin\dummy_rsp.h" />
    <ClInclude Include="plugin\dummy_video.h" />
    <ClInclude Include="plugin\emulate_game_controller_via_input_plugin.h" />
    <ClInclude Include="plugin\emulate_speaker_via_audio_plugin.h" />
    <ClInclude Include="plugin\get_time_using_C_localtime.h" />
    <ClInclude Include="plugin\plugin.h" />
    <ClInclude Include="plugin\rumble_via_input_plugin.h" />
    <ClInclude Include="r4300\new_dynarec\arm\arm_cpu_features.h" />
    <ClInclude Include="r4300\new_dynarec\arm\assem_arm.h" />
    <ClInclude Include="r4300\new_dynarec\x86\assem_x86.h" />
    <ClInclude Include="r4300\new_dynarec\new_dynarec.h" />
    <ClInclude Include="r4300\x86\assemble.h" />
    <ClInclude Include="r4300\x86\assemble_struct.h" />
    <ClInclude Include="r4300\x86\interpret.h" />
    <ClInclude Include="r4300\x86\regcache.h" />
    <ClInclude Include="r4300\x86_64\assemble.h" />
    <ClInclude Include="r4300\x86_64\assemble_struct.h" />
    <ClInclude Include="r4300\x86_64\interpret.h" />
    <ClInclude Include="r4300\x86_64\regcache.h" />
    <ClInclude Include="r4300\cached_interp.h" />
    <ClInclude Include="r4300\cp0.h" />
    <ClInclude Include="r4300\cp0_private.h" />
    <ClInclude Include="r4300\cp1.h" />
    <ClInclude Include="r4300\cp1_private.h" />
    <ClInclude Include="r4300\exception.h" />
    <ClInclude Include="r4300\fpu.h" />
    <ClInclude Include="r4300\instr_counters.h" />
    <ClInclude Include="r4300\interupt.h" />
    <ClInclude Include="r4300\macros.h" />
    <ClInclude Include="r4300\mi_controller.h" />
    <ClInclude Include="r4300\ops.h" />
    <ClInclude Include="r4300\pure_interp.h" />
    <ClInclude Include="r4300\r4300.h" />
    <ClInclude Include="r4300\r4300_core.h" />
    <ClInclude Include="r4300\recomp.h" />
    <ClInclude Include="r4300\recomph.h" />
    <ClInclude Include="r4300\reset.h" />
    <ClInclude Include="r4300\tlb.h" />
    <ClInclude Include="rdp\fb.h" />
    <ClInclude Include="rdp\rdp_core.h" />
    <ClInclude Include="ri\rdram.h" />
    <ClInclude Include="ri\rdram_detection_hack.h" />
    <ClInclude Include="ri\ri_controller.h" />
    <ClInclude Include="rsp\rsp_core.h" />
    <ClInclude Include="si\af_rtc.h" />
    <ClInclude Include="si\cic.h" />
    <ClInclude Include="si\eeprom.h" />
    <ClInclude Include="si\game_controller.h" />
    <ClInclude Include="si\mempak.h" />
    <ClInclude Include="si\n64_cic_nus_6105.h" />
    <ClInclude Include="si\pif.h" />
    <ClInclude Include="si\rumblepak.h" />
    <ClInclude Include="si\si_controller.h" />
  </ItemGroup>
  <ItemGroup>
    <None Include="r4300\new_dynarec\x86\linkage_x86.asm" />
    <None Include="r4300\interpreter.def" />
    <None Include="r4300\interpreter_cop0.def" />
    <None Include="r4300\interpreter_cop1.def" />
    <None Include="r4300\interpreter_r4300.def" />
    <None Include="r4300\interpreter_regimm.def" />
    <None Include="r4300\interpreter_special.def" />
    <None Include="r4300\interpreter_tlb.def" />
  </ItemGroup>
</Project>